
Microsoft Visual Studio Solution File, Format Version 12.00
# Visual Studio Version 17
VisualStudioVersion = 17.4.33213.308
MinimumVisualStudioVersion = 10.0.40219.1
Project("{9A19103F-16F7-4668-BE54-9A1E7A4F7556}") = "BlazorInsertInListIssue.Server", "BlazorInsertInListIssue\Server\BlazorInsertInListIssue.Server.csproj", "{9CB73670-DC62-49FB-BCEB-237E3B73B4CF}"
EndProject
Project("{9A19103F-16F7-4668-BE54-9A1E7A4F7556}") = "BlazorInsertInListIssue.Client", "BlazorInsertInListIssue\Client\BlazorInsertInListIssue.Client.csproj", "{A3D5C0D0-4C7A-41A5-B18B-8E76429F19B2}"
EndProject
Project("{9A19103F-16F7-4668-BE54-9A1E7A4F7556}") = "BlazorInsertInListIssue.Shared", "BlazorInsertInListIssue\Shared\BlazorInsertInListIssue.Shared.csproj", "{E7F29CD3-2CE1-4970-A520-266EF46C871F}"
EndProject
Global
	GlobalSection(SolutionConfigurationPlatforms) = preSolution
		Debug|Any CPU = Debug|Any CPU
		Release|Any CPU = Release|Any CPU
	EndGlobalSection
	GlobalSection(ProjectConfigurationPlatforms) = postSolution
		{9CB73670-DC62-49FB-BCEB-237E3B73B4CF}.Debug|Any CPU.ActiveCfg = Debug|Any CPU
		{9CB73670-DC62-49FB-BCEB-237E3B73B4CF}.Debug|Any CPU.Build.0 = Debug|Any CPU
		{9CB73670-DC62-49FB-BCEB-237E3B73B4CF}.Release|Any CPU.ActiveCfg = Release|Any CPU
		{9CB73670-DC62-49FB-BCEB-237E3B73B4CF}.Release|Any CPU.Build.0 = Release|Any CPU
		{A3D5C0D0-4C7A-41A5-B18B-8E76429F19B2}.Debug|Any CPU.ActiveCfg = Debug|Any CPU
		{A3D5C0D0-4C7A-41A5-B18B-8E76429F19B2}.Debug|Any CPU.Build.0 = Debug|Any CPU
		{A3D5C0D0-4C7A-41A5-B18B-8E76429F19B2}.Release|Any CPU.ActiveCfg = Release|Any CPU
		{A3D5C0D0-4C7A-41A5-B18B-8E76429F19B2}.Release|Any CPU.Build.0 = Release|Any CPU
		{E7F29CD3-2CE1-4970-A520-266EF46C871F}.Debug|Any CPU.ActiveCfg = Debug|Any CPU
		{E7F29CD3-2CE1-4970-A520-266EF46C871F}.Debug|Any CPU.Build.0 = Debug|Any CPU
		{E7F29CD3-2CE1-4970-A520-266EF46C871F}.Release|Any CPU.ActiveCfg = Release|Any CPU
		{E7F29CD3-2CE1-4970-A520-266EF46C871F}.Release|Any CPU.Build.0 = Release|Any CPU
	EndGlobalSection
	GlobalSection(SolutionProperties) = preSolution
		HideSolutionNode = FALSE
	EndGlobalSection
	GlobalSection(ExtensibilityGlobals) = postSolution
		SolutionGuid = {8514AC1D-4AFF-4F53-8FB6-B8642750F3A7}
	EndGlobalSection
EndGlobal
